// !$*UTF8*$!
{
	archiveVersion = 1;
	classes = {
	};
	objectVersion = 50;
	objects = {

/* Begin PBXBuildFile section */
		5BADC394FF0D75436FB49F59 /* Pods_JoyLifeVOIPTests.framework in Frameworks */ = {isa = PBXBuildFile; fileRef = B0D4A9C9C01373EBCFCF3C4C /* Pods_JoyLifeVOIPTests.framework */; };
		65F5B74FB24750553434BDD7 /* Pods_JoyLifeVOIP.framework in Frameworks */ = {isa = PBXBuildFile; fileRef = 7512568D631B7A519D89F914 /* Pods_JoyLifeVOIP.framework */; };
		8EBED377215F9DB300E1DB8E /* AppDelegate.swift in Sources */ = {isa = PBXBuildFile; fileRef = 8EBED376215F9DB300E1DB8E /* AppDelegate.swift */; };
		8EBED379215F9DB300E1DB8E /* ViewController.swift in Sources */ = {isa = PBXBuildFile; fileRef = 8EBED378215F9DB300E1DB8E /* ViewController.swift */; };
		8EBED37C215F9DB300E1DB8E /* Main.storyboard in Resources */ = {isa = PBXBuildFile; fileRef = 8EBED37A215F9DB300E1DB8E /* Main.storyboard */; };
		8EBED37E215F9DB400E1DB8E /* Assets.xcassets in Resources */ = {isa = PBXBuildFile; fileRef = 8EBED37D215F9DB400E1DB8E /* Assets.xcassets */; };
		8EBED381215F9DB400E1DB8E /* LaunchScreen.storyboard in Resources */ = {isa = PBXBuildFile; fileRef = 8EBED37F215F9DB400E1DB8E /* LaunchScreen.storyboard */; };
		8EBED38C215F9DB400E1DB8E /* JoyLifeVOIPTests.swift in Sources */ = {isa = PBXBuildFile; fileRef = 8EBED38B215F9DB400E1DB8E /* JoyLifeVOIPTests.swift */; };
		8EBED397215F9DB400E1DB8E /* JoyLifeVOIPUITests.swift in Sources */ = {isa = PBXBuildFile; fileRef = 8EBED396215F9DB400E1DB8E /* JoyLifeVOIPUITests.swift */; };
		BD513320BB21378486C09ABE /* Pods_JoyLifeVOIPUITests.framework in Frameworks */ = {isa = PBXBuildFile; fileRef = 5D1A43093761FD554E096F49 /* Pods_JoyLifeVOIPUITests.framework */; };
/* End PBXBuildFile section */

/* Begin PBXContainerItemProxy section */
		8EBED388215F9DB400E1DB8E /* PBXContainerItemProxy */ = {
			isa = PBXContainerItemProxy;
			containerPortal = 8EBED36B215F9DB300E1DB8E /* Project object */;
			proxyType = 1;
			remoteGlobalIDString = 8EBED372215F9DB300E1DB8E;
			remoteInfo = JoyLifeVOIP;
		};
		8EBED393215F9DB400E1DB8E /* PBXContainerItemProxy */ = {
			isa = PBXContainerItemProxy;
			containerPortal = 8EBED36B215F9DB300E1DB8E /* Project object */;
			proxyType = 1;
			remoteGlobalIDString = 8EBED372215F9DB300E1DB8E;
			remoteInfo = JoyLifeVOIP;
		};
/* End PBXContainerItemProxy section */

/* Begin PBXFileReference section */
		01905CAE98E33C110A110008 /* Pods-JoyLifeVOIPTests.debug.xcconfig */ = {isa = PBXFileReference; includeInIndex = 1; lastKnownFileType = text.xcconfig; name = "Pods-JoyLifeVOIPTests.debug.xcconfig"; path = "Pods/Target Support Files/Pods-JoyLifeVOIPTests/Pods-JoyLifeVOIPTests.debug.xcconfig"; sourceTree = "<group>"; };
		044FCE293D1BE41AFA8492E6 /* Pods-JoyLifeVOIPUITests.release.xcconfig */ = {isa = PBXFileReference; includeInIndex = 1; lastKnownFileType = text.xcconfig; name = "Pods-JoyLifeVOIPUITests.release.xcconfig"; path = "Pods/Target Support Files/Pods-JoyLifeVOIPUITests/Pods-JoyLifeVOIPUITests.release.xcconfig"; sourceTree = "<group>"; };
		2594EFF450BD2C5039A9EB47 /* Pods-JoyLifeVOIPTests.release.xcconfig */ = {isa = PBXFileReference; includeInIndex = 1; lastKnownFileType = text.xcconfig; name = "Pods-JoyLifeVOIPTests.release.xcconfig"; path = "Pods/Target Support Files/Pods-JoyLifeVOIPTests/Pods-JoyLifeVOIPTests.release.xcconfig"; sourceTree = "<group>"; };
		3B3FD8500EE93AE4404314BD /* Pods-JoyLifeVOIP.release.xcconfig */ = {isa = PBXFileReference; includeInIndex = 1; lastKnownFileType = text.xcconfig; name = "Pods-JoyLifeVOIP.release.xcconfig"; path = "Pods/Target Support Files/Pods-JoyLifeVOIP/Pods-JoyLifeVOIP.release.xcconfig"; sourceTree = "<group>"; };
		5D1A43093761FD554E096F49 /* Pods_JoyLifeVOIPUITests.framework */ = {isa = PBXFileReference; explicitFileType = wrapper.framework; includeInIndex = 0; path = Pods_JoyLifeVOIPUITests.framework; sourceTree = BUILT_PRODUCTS_DIR; };
		7245543060A19F28E7F8CE4D /* Pods-JoyLifeVOIPUITests.debug.xcconfig */ = {isa = PBXFileReference; includeInIndex = 1; lastKnownFileType = text.xcconfig; name = "Pods-JoyLifeVOIPUITests.debug.xcconfig"; path = "Pods/Target Support Files/Pods-JoyLifeVOIPUITests/Pods-JoyLifeVOIPUITests.debug.xcconfig"; sourceTree = "<group>"; };
		7512568D631B7A519D89F914 /* Pods_JoyLifeVOIP.framework */ = {isa = PBXFileReference; explicitFileType = wrapper.framework; includeInIndex = 0; path = Pods_JoyLifeVOIP.framework; sourceTree = BUILT_PRODUCTS_DIR; };
		8EBED373215F9DB300E1DB8E /* JoyLifeVOIP.app */ = {isa = PBXFileReference; explicitFileType = wrapper.application; includeInIndex = 0; path = JoyLifeVOIP.app; sourceTree = BUILT_PRODUCTS_DIR; };
		8EBED376215F9DB300E1DB8E /* AppDelegate.swift */ = {isa = PBXFileReference; lastKnownFileType = sourcecode.swift; path = AppDelegate.swift; sourceTree = "<group>"; };
		8EBED378215F9DB300E1DB8E /* ViewController.swift */ = {isa = PBXFileReference; lastKnownFileType = sourcecode.swift; path = ViewController.swift; sourceTree = "<group>"; };
		8EBED37B215F9DB300E1DB8E /* Base */ = {isa = PBXFileReference; lastKnownFileType = file.storyboard; name = Base; path = Base.lproj/Main.storyboard; sourceTree = "<group>"; };
		8EBED37D215F9DB400E1DB8E /* Assets.xcassets */ = {isa = PBXFileReference; lastKnownFileType = folder.assetcatalog; path = Assets.xcassets; sourceTree = "<group>"; };
		8EBED380215F9DB400E1DB8E /* Base */ = {isa = PBXFileReference; lastKnownFileType = file.storyboard; name = Base; path = Base.lproj/LaunchScreen.storyboard; sourceTree = "<group>"; };
		8EBED382215F9DB400E1DB8E /* Info.plist */ = {isa = PBXFileReference; lastKnownFileType = text.plist.xml; path = Info.plist; sourceTree = "<group>"; };
		8EBED387215F9DB400E1DB8E /* JoyLifeVOIPTests.xctest */ = {isa = PBXFileReference; explicitFileType = wrapper.cfbundle; includeInIndex = 0; path = JoyLifeVOIPTests.xctest; sourceTree = BUILT_PRODUCTS_DIR; };
		8EBED38B215F9DB400E1DB8E /* JoyLifeVOIPTests.swift */ = {isa = PBXFileReference; lastKnownFileType = sourcecode.swift; path = JoyLifeVOIPTests.swift; sourceTree = "<group>"; };
		8EBED38D215F9DB400E1DB8E /* Info.plist */ = {isa = PBXFileReference; lastKnownFileType = text.plist.xml; path = Info.plist; sourceTree = "<group>"; };
		8EBED392215F9DB400E1DB8E /* JoyLifeVOIPUITests.xctest */ = {isa = PBXFileReference; explicitFileType = wrapper.cfbundle; includeInIndex = 0; path = JoyLifeVOIPUITests.xctest; sourceTree = BUILT_PRODUCTS_DIR; };
		8EBED396215F9DB400E1DB8E /* JoyLifeVOIPUITests.swift */ = {isa = PBXFileReference; lastKnownFileType = sourcecode.swift; path = JoyLifeVOIPUITests.swift; sourceTree = "<group>"; };
		8EBED398215F9DB400E1DB8E /* Info.plist */ = {isa = PBXFileReference; lastKnownFileType = text.plist.xml; path = Info.plist; sourceTree = "<group>"; };
		B0D4A9C9C01373EBCFCF3C4C /* Pods_JoyLifeVOIPTests.framework */ = {isa = PBXFileReference; explicitFileType = wrapper.framework; includeInIndex = 0; path = Pods_JoyLifeVOIPTests.framework; sourceTree = BUILT_PRODUCTS_DIR; };
		F65AD4FA869A00EDD630A6F4 /* Pods-JoyLifeVOIP.debug.xcconfig */ = {isa = PBXFileReference; includeInIndex = 1; lastKnownFileType = text.xcconfig; name = "Pods-JoyLifeVOIP.debug.xcconfig"; path = "Pods/Target Support Files/Pods-JoyLifeVOIP/Pods-JoyLifeVOIP.debug.xcconfig"; sourceTree = "<group>"; };
/* End PBXFileReference section */

/* Begin PBXFrameworksBuildPhase section */
		8EBED370215F9DB300E1DB8E /* Frameworks */ = {
			isa = PBXFrameworksBuildPhase;
			buildActionMask = 2147483647;
			files = (
				65F5B74FB24750553434BDD7 /* Pods_JoyLifeVOIP.framework in Frameworks */,
			);
			runOnlyForDeploymentPostprocessing = 0;
		};
		8EBED384215F9DB400E1DB8E /* Frameworks */ = {
			isa = PBXFrameworksBuildPhase;
			buildActionMask = 2147483647;
			files = (
				5BADC394FF0D75436FB49F59 /* Pods_JoyLifeVOIPTests.framework in Frameworks */,
			);
			runOnlyForDeploymentPostprocessing = 0;
		};
		8EBED38F215F9DB400E1DB8E /* Frameworks */ = {
			isa = PBXFrameworksBuildPhase;
			buildActionMask = 2147483647;
			files = (
				BD513320BB21378486C09ABE /* Pods_JoyLifeVOIPUITests.framework in Frameworks */,
			);
			runOnlyForDeploymentPostprocessing = 0;
		};
/* End PBXFrameworksBuildPhase section */

/* Begin PBXGroup section */
		3D2E830C1E88E4DC971792EB /* Pods */ = {
			isa = PBXGroup;
			children = (
				F65AD4FA869A00EDD630A6F4 /* Pods-JoyLifeVOIP.debug.xcconfig */,
				3B3FD8500EE93AE4404314BD /* Pods-JoyLifeVOIP.release.xcconfig */,
				01905CAE98E33C110A110008 /* Pods-JoyLifeVOIPTests.debug.xcconfig */,
				2594EFF450BD2C5039A9EB47 /* Pods-JoyLifeVOIPTests.release.xcconfig */,
				7245543060A19F28E7F8CE4D /* Pods-JoyLifeVOIPUITests.debug.xcconfig */,
				044FCE293D1BE41AFA8492E6 /* Pods-JoyLifeVOIPUITests.release.xcconfig */,
			);
			name = Pods;
			sourceTree = "<group>";
		};
		8EBED36A215F9DB300E1DB8E = {
			isa = PBXGroup;
			children = (
				8EBED375215F9DB300E1DB8E /* JoyLifeVOIP */,
				8EBED38A215F9DB400E1DB8E /* JoyLifeVOIPTests */,
				8EBED395215F9DB400E1DB8E /* JoyLifeVOIPUITests */,
				8EBED374215F9DB300E1DB8E /* Products */,
				3D2E830C1E88E4DC971792EB /* Pods */,
				F78D8408D9C80DD88B484629 /* Frameworks */,
			);
			sourceTree = "<group>";
		};
		8EBED374215F9DB300E1DB8E /* Products */ = {
			isa = PBXGroup;
			children = (
				8EBED373215F9DB300E1DB8E /* JoyLifeVOIP.app */,
				8EBED387215F9DB400E1DB8E /* JoyLifeVOIPTests.xctest */,
				8EBED392215F9DB400E1DB8E /* JoyLifeVOIPUITests.xctest */,
			);
			name = Products;
			sourceTree = "<group>";
		};
		8EBED375215F9DB300E1DB8E /* JoyLifeVOIP */ = {
			isa = PBXGroup;
			children = (
				8EBED376215F9DB300E1DB8E /* AppDelegate.swift */,
				8EBED378215F9DB300E1DB8E /* ViewController.swift */,
				8EBED37A215F9DB300E1DB8E /* Main.storyboard */,
				8EBED37D215F9DB400E1DB8E /* Assets.xcassets */,
				8EBED37F215F9DB400E1DB8E /* LaunchScreen.storyboard */,
				8EBED382215F9DB400E1DB8E /* Info.plist */,
			);
			path = JoyLifeVOIP;
			sourceTree = "<group>";
		};
		8EBED38A215F9DB400E1DB8E /* JoyLifeVOIPTests */ = {
			isa = PBXGroup;
			children = (
				8EBED38B215F9DB400E1DB8E /* JoyLifeVOIPTests.swift */,
				8EBED38D215F9DB400E1DB8E /* Info.plist */,
			);
			path = JoyLifeVOIPTests;
			sourceTree = "<group>";
		};
		8EBED395215F9DB400E1DB8E /* JoyLifeVOIPUITests */ = {
			isa = PBXGroup;
			children = (
				8EBED396215F9DB400E1DB8E /* JoyLifeVOIPUITests.swift */,
				8EBED398215F9DB400E1DB8E /* Info.plist */,
			);
			path = JoyLifeVOIPUITests;
			sourceTree = "<group>";
		};
		F78D8408D9C80DD88B484629 /* Frameworks */ = {
			isa = PBXGroup;
			children = (
				7512568D631B7A519D89F914 /* Pods_JoyLifeVOIP.framework */,
				B0D4A9C9C01373EBCFCF3C4C /* Pods_JoyLifeVOIPTests.framework */,
				5D1A43093761FD554E096F49 /* Pods_JoyLifeVOIPUITests.framework */,
			);
			name = Frameworks;
			sourceTree = "<group>";
		};
/* End PBXGroup section */

/* Begin PBXNativeTarget section */
		8EBED372215F9DB300E1DB8E /* JoyLifeVOIP */ = {
			isa = PBXNativeTarget;
			buildConfigurationList = 8EBED39B215F9DB400E1DB8E /* Build configuration list for PBXNativeTarget "JoyLifeVOIP" */;
			buildPhases = (
				320831A31CC1462ABF02BDC4 /* [CP] Check Pods Manifest.lock */,
				8EBED36F215F9DB300E1DB8E /* Sources */,
				8EBED370215F9DB300E1DB8E /* Frameworks */,
				8EBED371215F9DB300E1DB8E /* Resources */,
				C1C1D2FCCFB578F2D0CF9131 /* [CP] Embed Pods Frameworks */,
			);
			buildRules = (
			);
			dependencies = (
			);
			name = JoyLifeVOIP;
			productName = JoyLifeVOIP;
			productReference = 8EBED373215F9DB300E1DB8E /* JoyLifeVOIP.app */;
			productType = "com.apple.product-type.application";
		};
		8EBED386215F9DB400E1DB8E /* JoyLifeVOIPTests */ = {
			isa = PBXNativeTarget;
			buildConfigurationList = 8EBED39E215F9DB400E1DB8E /* Build configuration list for PBXNativeTarget "JoyLifeVOIPTests" */;
			buildPhases = (
				C6268E7660FB901410366A82 /* [CP] Check Pods Manifest.lock */,
				8EBED383215F9DB400E1DB8E /* Sources */,
				8EBED384215F9DB400E1DB8E /* Frameworks */,
				8EBED385215F9DB400E1DB8E /* Resources */,
			);
			buildRules = (
			);
			dependencies = (
				8EBED389215F9DB400E1DB8E /* PBXTargetDependency */,
			);
			name = JoyLifeVOIPTests;
			productName = JoyLifeVOIPTests;
			productReference = 8EBED387215F9DB400E1DB8E /* JoyLifeVOIPTests.xctest */;
			productType = "com.apple.product-type.bundle.unit-test";
		};
		8EBED391215F9DB400E1DB8E /* JoyLifeVOIPUITests */ = {
			isa = PBXNativeTarget;
			buildConfigurationList = 8EBED3A1215F9DB400E1DB8E /* Build configuration list for PBXNativeTarget "JoyLifeVOIPUITests" */;
			buildPhases = (
				E79C910FF611686663BBC335 /* [CP] Check Pods Manifest.lock */,
				8EBED38E215F9DB400E1DB8E /* Sources */,
				8EBED38F215F9DB400E1DB8E /* Frameworks */,
				8EBED390215F9DB400E1DB8E /* Resources */,
			);
			buildRules = (
			);
			dependencies = (
				8EBED394215F9DB400E1DB8E /* PBXTargetDependency */,
			);
			name = JoyLifeVOIPUITests;
			productName = JoyLifeVOIPUITests;
			productReference = 8EBED392215F9DB400E1DB8E /* JoyLifeVOIPUITests.xctest */;
			productType = "com.apple.product-type.bundle.ui-testing";
		};
/* End PBXNativeTarget section */

/* Begin PBXProject section */
		8EBED36B215F9DB300E1DB8E /* Project object */ = {
			isa = PBXProject;
			attributes = {
				LastSwiftUpdateCheck = 1000;
				LastUpgradeCheck = 1000;
				ORGANIZATIONNAME = "Patarapon  Tokham";
				TargetAttributes = {
					8EBED372215F9DB300E1DB8E = {
						CreatedOnToolsVersion = 10.0;
					};
					8EBED386215F9DB400E1DB8E = {
						CreatedOnToolsVersion = 10.0;
						TestTargetID = 8EBED372215F9DB300E1DB8E;
					};
					8EBED391215F9DB400E1DB8E = {
						CreatedOnToolsVersion = 10.0;
						TestTargetID = 8EBED372215F9DB300E1DB8E;
					};
				};
			};
			buildConfigurationList = 8EBED36E215F9DB300E1DB8E /* Build configuration list for PBXProject "JoyLifeVOIP" */;
			compatibilityVersion = "Xcode 9.3";
			developmentRegion = en;
			hasScannedForEncodings = 0;
			knownRegions = (
				en,
				Base,
			);
			mainGroup = 8EBED36A215F9DB300E1DB8E;
			productRefGroup = 8EBED374215F9DB300E1DB8E /* Products */;
			projectDirPath = "";
			projectRoot = "";
			targets = (
				8EBED372215F9DB300E1DB8E /* JoyLifeVOIP */,
				8EBED386215F9DB400E1DB8E /* JoyLifeVOIPTests */,
				8EBED391215F9DB400E1DB8E /* JoyLifeVOIPUITests */,
			);
		};
/* End PBXProject section */

/* Begin PBXResourcesBuildPhase section */
		8EBED371215F9DB300E1DB8E /* Resources */ = {
			isa = PBXResourcesBuildPhase;
			buildActionMask = 2147483647;
			files = (
				8EBED381215F9DB400E1DB8E /* LaunchScreen.storyboard in Resources */,
				8EBED37E215F9DB400E1DB8E /* Assets.xcassets in Resources */,
				8EBED37C215F9DB300E1DB8E /* Main.storyboard in Resources */,
			);
			runOnlyForDeploymentPostprocessing = 0;
		};
		8EBED385215F9DB400E1DB8E /* Resources */ = {
			isa = PBXResourcesBuildPhase;
			buildActionMask = 2147483647;
			files = (
			);
			runOnlyForDeploymentPostprocessing = 0;
		};
		8EBED390215F9DB400E1DB8E /* Resources */ = {
			isa = PBXResourcesBuildPhase;
			buildActionMask = 2147483647;
			files = (
			);
			runOnlyForDeploymentPostprocessing = 0;
		};
/* End PBXResourcesBuildPhase section */

/* Begin PBXShellScriptBuildPhase section */
		320831A31CC1462ABF02BDC4 /* [CP] Check Pods Manifest.lock */ = {
			isa = PBXShellScriptBuildPhase;
			buildActionMask = 2147483647;
			files = (
			);
			inputPaths = (
				"${PODS_PODFILE_DIR_PATH}/Podfile.lock",
				"${PODS_ROOT}/Manifest.lock",
			);
			name = "[CP] Check Pods Manifest.lock";
			outputPaths = (
				"$(DERIVED_FILE_DIR)/Pods-JoyLifeVOIP-checkManifestLockResult.txt",
			);
			runOnlyForDeploymentPostprocessing = 0;
			shellPath = /bin/sh;
			shellScript = "diff \"${PODS_PODFILE_DIR_PATH}/Podfile.lock\" \"${PODS_ROOT}/Manifest.lock\" > /dev/null\nif [ $? != 0 ] ; then\n    # print error to STDERR\n    echo \"error: The sandbox is not in sync with the Podfile.lock. Run 'pod install' or update your CocoaPods installation.\" >&2\n    exit 1\nfi\n# This output is used by Xcode 'outputs' to avoid re-running this script phase.\necho \"SUCCESS\" > \"${SCRIPT_OUTPUT_FILE_0}\"\n";
			showEnvVarsInLog = 0;
		};
		C1C1D2FCCFB578F2D0CF9131 /* [CP] Embed Pods Frameworks */ = {
			isa = PBXShellScriptBuildPhase;
			buildActionMask = 2147483647;
			files = (
			);
			inputPaths = (
				"${SRCROOT}/Pods/Target Support Files/Pods-JoyLifeVOIP/Pods-JoyLifeVOIP-frameworks.sh",
				"${BUILT_PRODUCTS_DIR}/RxCocoa/RxCocoa.framework",
				"${BUILT_PRODUCTS_DIR}/RxSwift/RxSwift.framework",
				"${BUILT_PRODUCTS_DIR}/SVProgressHUD/SVProgressHUD.framework",
			);
			name = "[CP] Embed Pods Frameworks";
			outputPaths = (
				"${TARGET_BUILD_DIR}/${FRAMEWORKS_FOLDER_PATH}/RxCocoa.framework",
				"${TARGET_BUILD_DIR}/${FRAMEWORKS_FOLDER_PATH}/RxSwift.framework",
				"${TARGET_BUILD_DIR}/${FRAMEWORKS_FOLDER_PATH}/SVProgressHUD.framework",
			);
			runOnlyForDeploymentPostprocessing = 0;
			shellPath = /bin/sh;
			shellScript = "\"${SRCROOT}/Pods/Target Support Files/Pods-JoyLifeVOIP/Pods-JoyLifeVOIP-frameworks.sh\"\n";
			showEnvVarsInLog = 0;
		};
		C6268E7660FB901410366A82 /* [CP] Check Pods Manifest.lock */ = {
			isa = PBXShellScriptBuildPhase;
			buildActionMask = 2147483647;
			files = (
			);
			inputPaths = (
				"${PODS_PODFILE_DIR_PATH}/Podfile.lock",
				"${PODS_ROOT}/Manifest.lock",
			);
			name = "[CP] Check Pods Manifest.lock";
			outputPaths = (
				"$(DERIVED_FILE_DIR)/Pods-JoyLifeVOIPTests-checkManifestLockResult.txt",
			);
			runOnlyForDeploymentPostprocessing = 0;
			shellPath = /bin/sh;
			shellScript = "diff \"${PODS_PODFILE_DIR_PATH}/Podfile.lock\" \"${PODS_ROOT}/Manifest.lock\" > /dev/null\nif [ $? != 0 ] ; then\n    # print error to STDERR\n    echo \"error: The sandbox is not in sync with the Podfile.lock. Run 'pod install' or update your CocoaPods installation.\" >&2\n    exit 1\nfi\n# This output is used by Xcode 'outputs' to avoid re-running this script phase.\necho \"SUCCESS\" > \"${SCRIPT_OUTPUT_FILE_0}\"\n";
			showEnvVarsInLog = 0;
		};
		E79C910FF611686663BBC335 /* [CP] Check Pods Manifest.lock */ = {
			isa = PBXShellScriptBuildPhase;
			buildActionMask = 2147483647;
			files = (
			);
			inputPaths = (
				"${PODS_PODFILE_DIR_PATH}/Podfile.lock",
				"${PODS_ROOT}/Manifest.lock",
			);
			name = "[CP] Check Pods Manifest.lock";
			outputPaths = (
				"$(DERIVED_FILE_DIR)/Pods-JoyLifeVOIPUITests-checkManifestLockResult.txt",
			);
			runOnlyForDeploymentPostprocessing = 0;
			shellPath = /bin/sh;
			shellScript = "diff \"${PODS_PODFILE_DIR_PATH}/Podfile.lock\" \"${PODS_ROOT}/Manifest.lock\" > /dev/null\nif [ $? != 0 ] ; then\n    # print error to STDERR\n    echo \"error: The sandbox is not in sync with the Podfile.lock. Run 'pod install' or update your CocoaPods installation.\" >&2\n    exit 1\nfi\n# This output is used by Xcode 'outputs' to avoid re-running this script phase.\necho \"SUCCESS\" > \"${SCRIPT_OUTPUT_FILE_0}\"\n";
			showEnvVarsInLog = 0;
		};
/* End PBXShellScriptBuildPhase section */

/* Begin PBXSourcesBuildPhase section */
		8EBED36F215F9DB300E1DB8E /* Sources */ = {
			isa = PBXSourcesBuildPhase;
			buildActionMask = 2147483647;
			files = (
				8EBED379215F9DB300E1DB8E /* ViewController.swift in Sources */,
				8EBED377215F9DB300E1DB8E /* AppDelegate.swift in Sources */,
			);
			runOnlyForDeploymentPostprocessing = 0;
		};
		8EBED383215F9DB400E1DB8E /* Sources */ = {
			isa = PBXSourcesBuildPhase;
			buildActionMask = 2147483647;
			files = (
				8EBED38C215F9DB400E1DB8E /* JoyLifeVOIPTests.swift in Sources */,
			);
			runOnlyForDeploymentPostprocessing = 0;
		};
		8EBED38E215F9DB400E1DB8E /* Sources */ = {
			isa = PBXSourcesBuildPhase;
			buildActionMask = 2147483647;
			files = (
				8EBED397215F9DB400E1DB8E /* JoyLifeVOIPUITests.swift in Sources */,
			);
			runOnlyForDeploymentPostprocessing = 0;
		};
/* End PBXSourcesBuildPhase section */

/* Begin PBXTargetDependency section */
		8EBED389215F9DB400E1DB8E /* PBXTargetDependency */ = {
			isa = PBXTargetDependency;
			target = 8EBED372215F9DB300E1DB8E /* JoyLifeVOIP */;
			targetProxy = 8EBED388215F9DB400E1DB8E /* PBXContainerItemProxy */;
		};
		8EBED394215F9DB400E1DB8E /* PBXTargetDependency */ = {
			isa = PBXTargetDependency;
			target = 8EBED372215F9DB300E1DB8E /* JoyLifeVOIP */;
			targetProxy = 8EBED393215F9DB400E1DB8E /* PBXContainerItemProxy */;
		};
/* End PBXTargetDependency section */

/* Begin PBXVariantGroup section */
		8EBED37A215F9DB300E1DB8E /* Main.storyboard */ = {
			isa = PBXVariantGroup;
			children = (
				8EBED37B215F9DB300E1DB8E /* Base */,
			);
			name = Main.storyboard;
			sourceTree = "<group>";
		};
		8EBED37F215F9DB400E1DB8E /* LaunchScreen.storyboard */ = {
			isa = PBXVariantGroup;
			children = (
				8EBED380215F9DB400E1DB8E /* Base */,
			);
			name = LaunchScreen.storyboard;
			sourceTree = "<group>";
		};
/* End PBXVariantGroup section */

/* Begin XCBuildConfiguration section */
		8EBED399215F9DB400E1DB8E /* Debug */ = {
			isa = XCBuildConfiguration;
			buildSettings = {
				ALWAYS_SEARCH_USER_PATHS = NO;
				CLANG_ANALYZER_NONNULL = YES;
				CLANG_ANALYZER_NUMBER_OBJECT_CONVERSION = YES_AGGRESSIVE;
				CLANG_CXX_LANGUAGE_STANDARD = "gnu++14";
				CLANG_CXX_LIBRARY = "libc++";
				CLANG_ENABLE_MODULES = YES;
				CLANG_ENABLE_OBJC_ARC = YES;
				CLANG_ENABLE_OBJC_WEAK = YES;
				CLANG_WARN_BLOCK_CAPTURE_AUTORELEASING = YES;
				CLANG_WARN_BOOL_CONVERSION = YES;
				CLANG_WARN_COMMA = YES;
				CLANG_WARN_CONSTANT_CONVERSION = YES;
				CLANG_WARN_DEPRECATED_OBJC_IMPLEMENTATIONS = YES;
				CLANG_WARN_DIRECT_OBJC_ISA_USAGE = YES_ERROR;
				CLANG_WARN_DOCUMENTATION_COMMENTS = YES;
				CLANG_WARN_EMPTY_BODY = YES;
				CLANG_WARN_ENUM_CONVERSION = YES;
				CLANG_WARN_INFINITE_RECURSION = YES;
				CLANG_WARN_INT_CONVERSION = YES;
				CLANG_WARN_NON_LITERAL_NULL_CONVERSION = YES;
				CLANG_WARN_OBJC_IMPLICIT_RETAIN_SELF = YES;
				CLANG_WARN_OBJC_LITERAL_CONVERSION = YES;
				CLANG_WARN_OBJC_ROOT_CLASS = YES_ERROR;
				CLANG_WARN_RANGE_LOOP_ANALYSIS = YES;
				CLANG_WARN_STRICT_PROTOTYPES = YES;
				CLANG_WARN_SUSPICIOUS_MOVE = YES;
				CLANG_WARN_UNGUARDED_AVAILABILITY = YES_AGGRESSIVE;
				CLANG_WARN_UNREACHABLE_CODE = YES;
				CLANG_WARN__DUPLICATE_METHOD_MATCH = YES;
				CODE_SIGN_IDENTITY = "iPhone Developer";
				COPY_PHASE_STRIP = NO;
				DEBUG_INFORMATION_FORMAT = dwarf;
				ENABLE_STRICT_OBJC_MSGSEND = YES;
				ENABLE_TESTABILITY = YES;
				GCC_C_LANGUAGE_STANDARD = gnu11;
				GCC_DYNAMIC_NO_PIC = NO;
				GCC_NO_COMMON_BLOCKS = YES;
				GCC_OPTIMIZATION_LEVEL = 0;
				GCC_PREPROCESSOR_DEFINITIONS = (
					"DEBUG=1",
					"$(inherited)",
				);
				GCC_WARN_64_TO_32_BIT_CONVERSION = YES;
				GCC_WARN_ABOUT_RETURN_TYPE = YES_ERROR;
				GCC_WARN_UNDECLARED_SELECTOR = YES;
				GCC_WARN_UNINITIALIZED_AUTOS = YES_AGGRESSIVE;
				GCC_WARN_UNUSED_FUNCTION = YES;
				GCC_WARN_UNUSED_VARIABLE = YES;
				IPHONEOS_DEPLOYMENT_TARGET = 12.0;
				MTL_ENABLE_DEBUG_INFO = INCLUDE_SOURCE;
				MTL_FAST_MATH = YES;
				ONLY_ACTIVE_ARCH = YES;
				SDKROOT = iphoneos;
				SWIFT_ACTIVE_COMPILATION_CONDITIONS = DEBUG;
				SWIFT_OPTIMIZATION_LEVEL = "-Onone";
			};
			name = Debug;
		};
		8EBED39A215F9DB400E1DB8E /* Release */ = {
			isa = XCBuildConfiguration;
			buildSettings = {
				ALWAYS_SEARCH_USER_PATHS = NO;
				CLANG_ANALYZER_NONNULL = YES;
				CLANG_ANALYZER_NUMBER_OBJECT_CONVERSION = YES_AGGRESSIVE;
				CLANG_CXX_LANGUAGE_STANDARD = "gnu++14";
				CLANG_CXX_LIBRARY = "libc++";
				CLANG_ENABLE_MODULES = YES;
				CLANG_ENABLE_OBJC_ARC = YES;
				CLANG_ENABLE_OBJC_WEAK = YES;
				CLANG_WARN_BLOCK_CAPTURE_AUTORELEASING = YES;
				CLANG_WARN_BOOL_CONVERSION = YES;
				CLANG_WARN_COMMA = YES;
				CLANG_WARN_CONSTANT_CONVERSION = YES;
				CLANG_WARN_DEPRECATED_OBJC_IMPLEMENTATIONS = YES;
				CLANG_WARN_DIRECT_OBJC_ISA_USAGE = YES_ERROR;
				CLANG_WARN_DOCUMENTATION_COMMENTS = YES;
				CLANG_WARN_EMPTY_BODY = YES;
				CLANG_WARN_ENUM_CONVERSION = YES;
				CLANG_WARN_INFINITE_RECURSION = YES;
				CLANG_WARN_INT_CONVERSION = YES;
				CLANG_WARN_NON_LITERAL_NULL_CONVERSION = YES;
				CLANG_WARN_OBJC_IMPLICIT_RETAIN_SELF = YES;
				CLANG_WARN_OBJC_LITERAL_CONVERSION = YES;
				CLANG_WARN_OBJC_ROOT_CLASS = YES_ERROR;
				CLANG_WARN_RANGE_LOOP_ANALYSIS = YES;
				CLANG_WARN_STRICT_PROTOTYPES = YES;
				CLANG_WARN_SUSPICIOUS_MOVE = YES;
				CLANG_WARN_UNGUARDED_AVAILABILITY = YES_AGGRESSIVE;
				CLANG_WARN_UNREACHABLE_CODE = YES;
				CLANG_WARN__DUPLICATE_METHOD_MATCH = YES;
				CODE_SIGN_IDENTITY = "iPhone Developer";
				COPY_PHASE_STRIP = NO;
				DEBUG_INFORMATION_FORMAT = "dwarf-with-dsym";
				ENABLE_NS_ASSERTIONS = NO;
				ENABLE_STRICT_OBJC_MSGSEND = YES;
				GCC_C_LANGUAGE_STANDARD = gnu11;
				GCC_NO_COMMON_BLOCKS = YES;
				GCC_WARN_64_TO_32_BIT_CONVERSION = YES;
				GCC_WARN_ABOUT_RETURN_TYPE = YES_ERROR;
				GCC_WARN_UNDECLARED_SELECTOR = YES;
				GCC_WARN_UNINITIALIZED_AUTOS = YES_AGGRESSIVE;
				GCC_WARN_UNUSED_FUNCTION = YES;
				GCC_WARN_UNUSED_VARIABLE = YES;
				IPHONEOS_DEPLOYMENT_TARGET = 12.0;
				MTL_ENABLE_DEBUG_INFO = NO;
				MTL_FAST_MATH = YES;
				SDKROOT = iphoneos;
				SWIFT_COMPILATION_MODE = wholemodule;
				SWIFT_OPTIMIZATION_LEVEL = "-O";
				VALIDATE_PRODUCT = YES;
			};
			name = Release;
		};
		8EBED39C215F9DB400E1DB8E /* Debug */ = {
			isa = XCBuildConfiguration;
			baseConfigurationReference = F65AD4FA869A00EDD630A6F4 /* Pods-JoyLifeVOIP.debug.xcconfig */;
			buildSettings = {
				ASSETCATALOG_COMPILER_APPICON_NAME = AppIcon;
				CODE_SIGN_STYLE = Automatic;
				INFOPLIST_FILE = JoyLifeVOIP/Info.plist;
				LD_RUNPATH_SEARCH_PATHS = (
					"$(inherited)",
					"@executable_path/Frameworks",
				);
				PRODUCT_BUNDLE_IDENTIFIER = com.joylife.voip.mobile.JoyLifeVOIP;
				PRODUCT_NAME = "$(TARGET_NAME)";
				SWIFT_VERSION = 4.2;
				TARGETED_DEVICE_FAMILY = "1,2";
			};
			name = Debug;
		};
		8EBED39D215F9DB400E1DB8E /* Release */ = {
			isa = XCBuildConfiguration;
			baseConfigurationReference = 3B3FD8500EE93AE4404314BD /* Pods-JoyLifeVOIP.release.xcconfig */;
			buildSettings = {
				ASSETCATALOG_COMPILER_APPICON_NAME = AppIcon;
				CODE_SIGN_STYLE = Automatic;
				INFOPLIST_FILE = JoyLifeVOIP/Info.plist;
				LD_RUNPATH_SEARCH_PATHS = (
					"$(inherited)",
					"@executable_path/Frameworks",
				);
				PRODUCT_BUNDLE_IDENTIFIER = com.joylife.voip.mobile.JoyLifeVOIP;
				PRODUCT_NAME = "$(TARGET_NAME)";
				SWIFT_VERSION = 4.2;
				TARGETED_DEVICE_FAMILY = "1,2";
			};
			name = Release;
		};
		8EBED39F215F9DB400E1DB8E /* Debug */ = {
			isa = XCBuildConfiguration;
			baseConfigurationReference = 01905CAE98E33C110A110008 /* Pods-JoyLifeVOIPTests.debug.xcconfig */;
			buildSettings = {
				ALWAYS_EMBED_SWIFT_STANDARD_LIBRARIES = YES;
				BUNDLE_LOADER = "$(TEST_HOST)";
				CODE_SIGN_STYLE = Automatic;
				INFOPLIST_FILE = JoyLifeVOIPTests/Info.plist;
				LD_RUNPATH_SEARCH_PATHS = (
					"$(inherited)",
					"@executable_path/Frameworks",
					"@loader_path/Frameworks",
				);
				PRODUCT_BUNDLE_IDENTIFIER = com.joylife.voip.mobile.JoyLifeVOIPTests;
				PRODUCT_NAME = "$(TARGET_NAME)";
				SWIFT_VERSION = 4.2;
				TARGETED_DEVICE_FAMILY = "1,2";
				TEST_HOST = "$(BUILT_PRODUCTS_DIR)/JoyLifeVOIP.app/JoyLifeVOIP";
			};
			name = Debug;
		};
		8EBED3A0215F9DB400E1DB8E /* Release */ = {
			isa = XCBuildConfiguration;
			baseConfigurationReference = 2594EFF450BD2C5039A9EB47 /* Pods-JoyLifeVOIPTests.release.xcconfig */;
			buildSettings = {
				ALWAYS_EMBED_SWIFT_STANDARD_LIBRARIES = YES;
				BUNDLE_LOADER = "$(TEST_HOST)";
				CODE_SIGN_STYLE = Automatic;
				INFOPLIST_FILE = JoyLifeVOIPTests/Info.plist;
				LD_RUNPATH_SEARCH_PATHS = (
					"$(inherited)",
					"@executable_path/Frameworks",
					"@loader_path/Frameworks",
				);
				PRODUCT_BUNDLE_IDENTIFIER = com.joylife.voip.mobile.JoyLifeVOIPTests;
				PRODUCT_NAME = "$(TARGET_NAME)";
				SWIFT_VERSION = 4.2;
				TARGETED_DEVICE_FAMILY = "1,2";
				TEST_HOST = "$(BUILT_PRODUCTS_DIR)/JoyLifeVOIP.app/JoyLifeVOIP";
			};
			name = Release;
		};
		8EBED3A2215F9DB400E1DB8E /* Debug */ = {
			isa = XCBuildConfiguration;
			baseConfigurationReference = 7245543060A19F28E7F8CE4D /* Pods-JoyLifeVOIPUITests.debug.xcconfig */;
			buildSettings = {
				ALWAYS_EMBED_SWIFT_STANDARD_LIBRARIES = YES;
				CODE_SIGN_STYLE = Automatic;
				INFOPLIST_FILE = JoyLifeVOIPUITests/Info.plist;
				LD_RUNPATH_SEARCH_PATHS = (
					"$(inherited)",
					"@executable_path/Frameworks",
					"@loader_path/Frameworks",
				);
				PRODUCT_BUNDLE_IDENTIFIER = com.joylife.voip.mobile.JoyLifeVOIPUITests;
				PRODUCT_NAME = "$(TARGET_NAME)";
				SWIFT_VERSION = 4.2;
				TARGETED_DEVICE_FAMILY = "1,2";
				TEST_TARGET_NAME = JoyLifeVOIP;
			};
			name = Debug;
		};
		8EBED3A3215F9DB400E1DB8E /* Release */ = {
			isa = XCBuildConfiguration;
			baseConfigurationReference = 044FCE293D1BE41AFA8492E6 /* Pods-JoyLifeVOIPUITests.release.xcconfig */;
			buildSettings = {
				ALWAYS_EMBED_SWIFT_STANDARD_LIBRARIES = YES;
				CODE_SIGN_STYLE = Automatic;
				INFOPLIST_FILE = JoyLifeVOIPUITests/Info.plist;
				LD_RUNPATH_SEARCH_PATHS = (
					"$(inherited)",
					"@executable_path/Frameworks",
					"@loader_path/Frameworks",
				);
				PRODUCT_BUNDLE_IDENTIFIER = com.joylife.voip.mobile.JoyLifeVOIPUITests;
				PRODUCT_NAME = "$(TARGET_NAME)";
				SWIFT_VERSION = 4.2;
				TARGETED_DEVICE_FAMILY = "1,2";
				TEST_TARGET_NAME = JoyLifeVOIP;
			};
			name = Release;
		};
/* End XCBuildConfiguration section */

/* Begin XCConfigurationList section */
		8EBED36E215F9DB300E1DB8E /* Build configuration list for PBXProject "JoyLifeVOIP" */ = {
			isa = XCConfigurationList;
			buildConfigurations = (
				8EBED399215F9DB400E1DB8E /* Debug */,
				8EBED39A215F9DB400E1DB8E /* Release */,
			);
			defaultConfigurationIsVisible = 0;
			defaultConfigurationName = Release;
		};
		8EBED39B215F9DB400E1DB8E /* Build configuration list for PBXNativeTarget "JoyLifeVOIP" */ = {
			isa = XCConfigurationList;
			buildConfigurations = (
				8EBED39C215F9DB400E1DB8E /* Debug */,
				8EBED39D215F9DB400E1DB8E /* Release */,
			);
			defaultConfigurationIsVisible = 0;
			defaultConfigurationName = Release;
		};
		8EBED39E215F9DB400E1DB8E /* Build configuration list for PBXNativeTarget "JoyLifeVOIPTests" */ = {
			isa = XCConfigurationList;
			buildConfigurations = (
				8EBED39F215F9DB400E1DB8E /* Debug */,
				8EBED3A0215F9DB400E1DB8E /* Release */,
			);
			defaultConfigurationIsVisible = 0;
			defaultConfigurationName = Release;
		};
		8EBED3A1215F9DB400E1DB8E /* Build configuration list for PBXNativeTarget "JoyLifeVOIPUITests" */ = {
			isa = XCConfigurationList;
			buildConfigurations = (
				8EBED3A2215F9DB400E1DB8E /* Debug */,
				8EBED3A3215F9DB400E1DB8E /* Release */,
			);
			defaultConfigurationIsVisible = 0;
			defaultConfigurationName = Release;
		};
/* End XCConfigurationList section */
	};
	rootObject = 8EBED36B215F9DB300E1DB8E /* Project object */;
}
